<?xml version="1.0" encoding="utf-8"?>
<Project ToolsVersion="4.0" xmlns="http://schemas.microsoft.com/developer/msbuild/2003">
  <ItemGroup>
    <Filter Include="ソース ファイル">
      <UniqueIdentifier>{4FC737F1-C7A5-4376-A066-2A32D752A2FF}</UniqueIdentifier>
      <Extensions>cpp;c;cc;cxx;def;odl;idl;hpj;bat;asm;asmx</Extensions>
    </Filter>
    <Filter Include="ヘッダー ファイル">
      <UniqueIdentifier>{93995380-89BD-4b04-88EB-625FBE52EBFB}</UniqueIdentifier>
      <Extensions>h;hh;hpp;hxx;hm;inl;inc;xsd</Extensions>
    </Filter>
    <Filter Include="リソース ファイル">
      <UniqueIdentifier>{67DA6AB6-F800-4c08-8B7A-83BB121AAD01}</UniqueIdentifier>
      <Extensions>rc;ico;cur;bmp;dlg;rc2;rct;bin;rgs;gif;jpg;jpeg;jpe;resx;tiff;tif;png;wav;mfcribbon-ms</Extensions>
    </Filter>
    <Filter Include="ソース ファイル\00_Main">
      <UniqueIdentifier>{f0159098-cbfd-4731-868c-14285ecad14f}</UniqueIdentifier>
    </Filter>
    <Filter Include="ソース ファイル\01_Input">
      <UniqueIdentifier>{4942f64e-ad04-4398-ad40-a9631d9e2e18}</UniqueIdentifier>
    </Filter>
    <Filter Include="ソース ファイル\02_Object">
      <UniqueIdentifier>{46662834-efab-4c03-b618-defc1f03dcd1}</UniqueIdentifier>
    </Filter>
    <Filter Include="ソース ファイル\03_Operate">
      <UniqueIdentifier>{0d4dda8f-550b-4600-8408-706d6820c1bc}</UniqueIdentifier>
    </Filter>
  </ItemGroup>
  <ItemGroup>
    <ClCompile Include="bullet.cpp">
      <Filter>ソース ファイル</Filter>
    </ClCompile>
    <ClCompile Include="main.cpp">
      <Filter>ソース ファイル</Filter>
    </ClCompile>
    <ClCompile Include="block.cpp">
      <Filter>ソース ファイル</Filter>
    </ClCompile>
    <ClCompile Include="map.cpp">
      <Filter>ソース ファイル</Filter>
    </ClCompile>
    <ClCompile Include="renderer.cpp">
      <Filter>ソース ファイル\00_Main</Filter>
    </ClCompile>
    <ClCompile Include="texture.cpp">
      <Filter>ソース ファイル\00_Main</Filter>
    </ClCompile>
    <ClCompile Include="application.cpp">
      <Filter>ソース ファイル\00_Main</Filter>
    </ClCompile>
    <ClCompile Include="input_keybord.cpp">
      <Filter>ソース ファイル\01_Input</Filter>
    </ClCompile>
    <ClCompile Include="input.cpp">
      <Filter>ソース ファイル\01_Input</Filter>
    </ClCompile>
    <ClCompile Include="object.cpp">
      <Filter>ソース ファイル\02_Object</Filter>
    </ClCompile>
    <ClCompile Include="object2d.cpp">
      <Filter>ソース ファイル\02_Object</Filter>
    </ClCompile>
    <ClCompile Include="operate.cpp">
      <Filter>ソース ファイル\03_Operate</Filter>
    </ClCompile>
    <ClCompile Include="character.cpp">
      <Filter>ソース ファイル</Filter>
    </ClCompile>
    <ClCompile Include="player_operate.cpp">
      <Filter>ソース ファイル\03_Operate</Filter>
    </ClCompile>
  </ItemGroup>
  <ItemGroup>
    <ClInclude Include="bullet.h">
      <Filter>ソース ファイル</Filter>
    </ClInclude>
    <ClInclude Include="block.h">
      <Filter>ソース ファイル</Filter>
    </ClInclude>
    <ClInclude Include="map.h">
      <Filter>ソース ファイル</Filter>
    </ClInclude>
    <ClInclude Include="renderer.h">
      <Filter>ソース ファイル\00_Main</Filter>
    </ClInclude>
    <ClInclude Include="texture.h">
      <Filter>ソース ファイル\00_Main</Filter>
    </ClInclude>
    <ClInclude Include="application.h">
      <Filter>ソース ファイル\00_Main</Filter>
    </ClInclude>
    <ClInclude Include="main.h">
      <Filter>ソース ファイル\00_Main</Filter>
    </ClInclude>
    <ClInclude Include="input.h">
      <Filter>ソース ファイル\01_Input</Filter>
    </ClInclude>
    <ClInclude Include="input_keybord.h">
      <Filter>ソース ファイル\01_Input</Filter>
    </ClInclude>
    <ClInclude Include="object2d.h">
      <Filter>ソース ファイル\02_Object</Filter>
    </ClInclude>
    <ClInclude Include="object.h">
      <Filter>ソース ファイル\02_Object</Filter>
    </ClInclude>
    <ClInclude Include="operate.h">
      <Filter>ソース ファイル\03_Operate</Filter>
    </ClInclude>
    <ClInclude Include="character.h">
      <Filter>ソース ファイル</Filter>
    </ClInclude>
    <ClInclude Include="player_operate.h">
      <Filter>ソース ファイル\03_Operate</Filter>
    </ClInclude>
  </ItemGroup>
</Project>