<?xml version="1.0" encoding="utf-8"?>
<Project ToolsVersion="4.0" xmlns="http://schemas.microsoft.com/developer/msbuild/2003">
  <ItemGroup>
    <Filter Include="ソース ファイル">
      <UniqueIdentifier>{4FC737F1-C7A5-4376-A066-2A32D752A2FF}</UniqueIdentifier>
      <Extensions>cpp;c;cc;cxx;def;odl;idl;hpj;bat;asm;asmx</Extensions>
    </Filter>
    <Filter Include="リソース ファイル">
      <UniqueIdentifier>{67DA6AB6-F800-4c08-8B7A-83BB121AAD01}</UniqueIdentifier>
      <Extensions>rc;ico;cur;bmp;dlg;rc2;rct;bin;rgs;gif;jpg;jpeg;jpe;resx;tiff;tif;png;wav;mfcribbon-ms</Extensions>
    </Filter>
    <Filter Include="ソース ファイル\00_Main">
      <UniqueIdentifier>{f0159098-cbfd-4731-868c-14285ecad14f}</UniqueIdentifier>
    </Filter>
    <Filter Include="ソース ファイル\01_Input">
      <UniqueIdentifier>{4942f64e-ad04-4398-ad40-a9631d9e2e18}</UniqueIdentifier>
    </Filter>
    <Filter Include="ソース ファイル\02_Object">
      <UniqueIdentifier>{46662834-efab-4c03-b618-defc1f03dcd1}</UniqueIdentifier>
    </Filter>
    <Filter Include="FIle">
      <UniqueIdentifier>{d34f2a52-70b7-4c95-bb42-419947bb7574}</UniqueIdentifier>
    </Filter>
    <Filter Include="ソース ファイル\04_Player">
      <UniqueIdentifier>{38ff11a4-b5d2-43c7-8daa-63f6366c0a9f}</UniqueIdentifier>
    </Filter>
    <Filter Include="ソース ファイル\03_Mode">
      <UniqueIdentifier>{48f00a93-53ea-4db8-9029-d9913dbc6a89}</UniqueIdentifier>
    </Filter>
    <Filter Include="ソース ファイル\03_Mode\01_Game">
      <UniqueIdentifier>{4c881af5-b061-444d-9fb7-b7421a8acc50}</UniqueIdentifier>
    </Filter>
    <Filter Include="ソース ファイル\03_Mode\02_Title">
      <UniqueIdentifier>{5948040f-2933-4137-9606-0409f344630f}</UniqueIdentifier>
    </Filter>
    <Filter Include="ソース ファイル\03_Mode\03_Result">
      <UniqueIdentifier>{104c158d-21c7-4f09-a2f8-c232e9da0e0d}</UniqueIdentifier>
    </Filter>
    <Filter Include="ソース ファイル\05_Cpntroller">
      <UniqueIdentifier>{0d4dda8f-550b-4600-8408-706d6820c1bc}</UniqueIdentifier>
    </Filter>
    <Filter Include="ソース ファイル\06_Block">
      <UniqueIdentifier>{44d867a8-162d-4067-820f-adf507ea2048}</UniqueIdentifier>
    </Filter>
  </ItemGroup>
  <ItemGroup>
    <ClCompile Include="input_keybord.cpp">
      <Filter>ソース ファイル\01_Input</Filter>
    </ClCompile>
    <ClCompile Include="input.cpp">
      <Filter>ソース ファイル\01_Input</Filter>
    </ClCompile>
    <ClCompile Include="input_xinput.cpp">
      <Filter>ソース ファイル\01_Input</Filter>
    </ClCompile>
    <ClCompile Include="input_directinput.cpp">
      <Filter>ソース ファイル\01_Input</Filter>
    </ClCompile>
    <ClCompile Include="application.cpp">
      <Filter>ソース ファイル\00_Main</Filter>
    </ClCompile>
    <ClCompile Include="error_warning.cpp">
      <Filter>ソース ファイル\00_Main</Filter>
    </ClCompile>
    <ClCompile Include="main.cpp">
      <Filter>ソース ファイル\00_Main</Filter>
    </ClCompile>
    <ClCompile Include="renderer.cpp">
      <Filter>ソース ファイル\00_Main</Filter>
    </ClCompile>
    <ClCompile Include="texture.cpp">
      <Filter>ソース ファイル\00_Main</Filter>
    </ClCompile>
    <ClCompile Include="collision.cpp">
      <Filter>ソース ファイル\00_Main</Filter>
    </ClCompile>
    <ClCompile Include="file.cpp">
      <Filter>ソース ファイル\00_Main</Filter>
    </ClCompile>
    <ClCompile Include="title.cpp">
      <Filter>ソース ファイル\03_Mode\02_Title</Filter>
    </ClCompile>
    <ClCompile Include="player_controller.cpp">
      <Filter>ソース ファイル\05_Cpntroller</Filter>
    </ClCompile>
    <ClCompile Include="object.cpp">
      <Filter>ソース ファイル\02_Object</Filter>
    </ClCompile>
    <ClCompile Include="object2d.cpp">
      <Filter>ソース ファイル\02_Object</Filter>
    </ClCompile>
    <ClCompile Include="AI_controller.cpp">
      <Filter>ソース ファイル\05_Cpntroller</Filter>
    </ClCompile>
    <ClCompile Include="mode.cpp">
      <Filter>ソース ファイル\03_Mode</Filter>
    </ClCompile>
    <ClCompile Include="game.cpp">
      <Filter>ソース ファイル\03_Mode\01_Game</Filter>
    </ClCompile>
    <ClCompile Include="controller.cpp">
      <Filter>ソース ファイル\05_Cpntroller</Filter>
    </ClCompile>
    <ClCompile Include="theme_color.cpp">
      <Filter>ソース ファイル\00_Main</Filter>
    </ClCompile>
    <ClCompile Include="menu.cpp">
      <Filter>ソース ファイル</Filter>
    </ClCompile>
    <ClCompile Include="block_scraped.cpp">
      <Filter>ソース ファイル</Filter>
    </ClCompile>
    <ClCompile Include="A-Star.cpp">
      <Filter>ソース ファイル\05_Cpntroller</Filter>
    </ClCompile>
    <ClCompile Include="bullet.cpp">
      <Filter>ソース ファイル\04_Player</Filter>
    </ClCompile>
    <ClCompile Include="character.cpp">
      <Filter>ソース ファイル\04_Player</Filter>
    </ClCompile>
    <ClCompile Include="remains_bullet.cpp">
      <Filter>ソース ファイル\04_Player</Filter>
    </ClCompile>
    <ClCompile Include="block.cpp">
      <Filter>ソース ファイル\06_Block</Filter>
    </ClCompile>
    <ClCompile Include="map.cpp">
      <Filter>ソース ファイル\06_Block</Filter>
    </ClCompile>
  </ItemGroup>
  <ItemGroup>
    <ClInclude Include="input.h">
      <Filter>ソース ファイル\01_Input</Filter>
    </ClInclude>
    <ClInclude Include="input_keybord.h">
      <Filter>ソース ファイル\01_Input</Filter>
    </ClInclude>
    <ClInclude Include="input_xinput.h">
      <Filter>ソース ファイル\01_Input</Filter>
    </ClInclude>
    <ClInclude Include="input_directinput.h">
      <Filter>ソース ファイル\01_Input</Filter>
    </ClInclude>
    <ClInclude Include="application.h">
      <Filter>ソース ファイル\00_Main</Filter>
    </ClInclude>
    <ClInclude Include="error_warning.h">
      <Filter>ソース ファイル\00_Main</Filter>
    </ClInclude>
    <ClInclude Include="renderer.h">
      <Filter>ソース ファイル\00_Main</Filter>
    </ClInclude>
    <ClInclude Include="texture.h">
      <Filter>ソース ファイル\00_Main</Filter>
    </ClInclude>
    <ClInclude Include="collision.h">
      <Filter>ソース ファイル\00_Main</Filter>
    </ClInclude>
    <ClInclude Include="file.h">
      <Filter>ソース ファイル\00_Main</Filter>
    </ClInclude>
    <ClInclude Include="title.h">
      <Filter>ソース ファイル\03_Mode\02_Title</Filter>
    </ClInclude>
    <ClInclude Include="player_controller.h">
      <Filter>ソース ファイル\05_Cpntroller</Filter>
    </ClInclude>
    <ClInclude Include="object.h">
      <Filter>ソース ファイル\02_Object</Filter>
    </ClInclude>
    <ClInclude Include="object2d.h">
      <Filter>ソース ファイル\02_Object</Filter>
    </ClInclude>
    <ClInclude Include="AI_controller.h">
      <Filter>ソース ファイル\05_Cpntroller</Filter>
    </ClInclude>
    <ClInclude Include="mode.h">
      <Filter>ソース ファイル\03_Mode</Filter>
    </ClInclude>
    <ClInclude Include="game.h">
      <Filter>ソース ファイル\03_Mode\01_Game</Filter>
    </ClInclude>
    <ClInclude Include="controller.h">
      <Filter>ソース ファイル\05_Cpntroller</Filter>
    </ClInclude>
    <ClInclude Include="theme_color.h">
      <Filter>ソース ファイル\00_Main</Filter>
    </ClInclude>
    <ClInclude Include="menu.h">
      <Filter>ソース ファイル</Filter>
    </ClInclude>
    <ClInclude Include="block_scraped.h">
      <Filter>ソース ファイル</Filter>
    </ClInclude>
    <ClInclude Include="A-Star.h">
      <Filter>ソース ファイル\05_Cpntroller</Filter>
    </ClInclude>
    <ClInclude Include="bullet.h">
      <Filter>ソース ファイル\04_Player</Filter>
    </ClInclude>
    <ClInclude Include="character.h">
      <Filter>ソース ファイル\04_Player</Filter>
    </ClInclude>
    <ClInclude Include="remains_bullet.h">
      <Filter>ソース ファイル\04_Player</Filter>
    </ClInclude>
    <ClInclude Include="block.h">
      <Filter>ソース ファイル\06_Block</Filter>
    </ClInclude>
    <ClInclude Include="map.h">
      <Filter>ソース ファイル\06_Block</Filter>
    </ClInclude>
  </ItemGroup>
  <ItemGroup>
    <None Include="data\FILE\STAGE\stage01.json">
      <Filter>FIle</Filter>
    </None>
    <None Include="data\FILE\color.json">
      <Filter>FIle</Filter>
    </None>
    <None Include="data\FILE\texture.json">
      <Filter>FIle</Filter>
    </None>
  </ItemGroup>
</Project>